
Microsoft Visual Studio Solution File, Format Version 12.00
# Visual Studio 15
VisualStudioVersion = 15.0.27703.2018
MinimumVisualStudioVersion = 10.0.40219.1
Project("{FAE04EC0-301F-11D3-BF4B-00C04F79EFBC}") = "BookShelfWebApp", "BookShelfWebApp\BookShelfWebApp.csproj", "{494A1F51-4A07-4245-9145-566F8E92F54A}"
EndProject
Global
	GlobalSection(SolutionConfigurationPlatforms) = preSolution
		Debug|Any CPU = Debug|Any CPU
		Release|Any CPU = Release|Any CPU
	EndGlobalSection
	GlobalSection(ProjectConfigurationPlatforms) = postSolution
		{494A1F51-4A07-4245-9145-566F8E92F54A}.Debug|Any CPU.ActiveCfg = Debug|Any CPU
		{494A1F51-4A07-4245-9145-566F8E92F54A}.Debug|Any CPU.Build.0 = Debug|Any CPU
		{494A1F51-4A07-4245-9145-566F8E92F54A}.Release|Any CPU.ActiveCfg = Release|Any CPU
		{494A1F51-4A07-4245-9145-566F8E92F54A}.Release|Any CPU.Build.0 = Release|Any CPU
	EndGlobalSection
	GlobalSection(SolutionProperties) = preSolution
		HideSolutionNode = FALSE
	EndGlobalSection
	GlobalSection(ExtensibilityGlobals) = postSolution
		SolutionGuid = {5B223D81-6674-4DE2-94D5-21E2482A4362}
	EndGlobalSection
EndGlobal
